figures/kawasaki/test_run/all_nsample1000_zout3/log10_z_out3/umap_out/200_0.0/sim0/umap_stimuli.png
figures/kawasaki/test_run/all_nsample1000_zout3/log10_z_out3/umap_out/200_0.0/sim1/umap_stimuli.png
figures/kawasaki/test_run/all_nsample1000_zout3/log10_z_out3/umap_out/200_0.0/sim2/umap_stimuli.png
figures/kawasaki/test_run/all_nsample1000_zout3/panels/log10_z_out3/umap_out/200_0.0/hdb_out/100_60/clusters_over_time.png
results/kawasaki/test_run/all_nsample1000_zout3/log10_z_out3/umap_out/200_0.0/embedding_0.p
results/kawasaki/test_run/all_nsample1000_zout3/log10_z_out3/umap_out/200_0.0/embedding_1.p
results/kawasaki/test_run/all_nsample1000_zout3/log10_z_out3/umap_out/200_0.0/embedding_2.p
results/kawasaki/test_run/all_nsample1000_zout3/log10_z_out3/umap_out/200_0.0/hdb_out/100_60.p
figures/kawasaki/test_run/all_nsample1000_zout3/log10_z_out3/umap_out/200_0.0/hdb_out/100_60.png
